
Microsoft Visual Studio Solution File, Format Version 12.00
# Visual Studio Version 17
VisualStudioVersion = 17.0.31903.59
MinimumVisualStudioVersion = 10.0.40219.1
Project("{2150E333-8FDC-42A3-9474-1A3956D46DE8}") = "src", "src", "{827E0CD3-B72D-47B6-A68D-7590B98EB39B}"
EndProject
Project("{FAE04EC0-301F-11D3-BF4B-00C04F79EFBC}") = "Vivido.Api", "src\Vivido.Api\Vivido.Api.csproj", "{247BCAD4-2BCB-4186-965D-2EBB52006844}"
EndProject
Project("{FAE04EC0-301F-11D3-BF4B-00C04F79EFBC}") = "Vivido.Application", "src\Vivido.Application\Vivido.Application.csproj", "{63C04B39-9AAC-49C8-8E72-FAB84F95F8C4}"
EndProject
Project("{FAE04EC0-301F-11D3-BF4B-00C04F79EFBC}") = "Vivido.Domain", "src\Vivido.Domain\Vivido.Domain.csproj", "{06884098-7473-4611-A6FF-3D321FB5847C}"
EndProject
Project("{FAE04EC0-301F-11D3-BF4B-00C04F79EFBC}") = "Vivido.Infrastructure", "src\Vivido.Infrastructure\Vivido.Infrastructure.csproj", "{FB273617-D350-4F90-BB70-720553E0ADFF}"
EndProject
Project("{FAE04EC0-301F-11D3-BF4B-00C04F79EFBC}") = "Vivido.Scoring", "src\Vivido.Scoring\Vivido.Scoring.csproj", "{73A8F7CD-EACB-436C-85D7-E57AAE7DE4CD}"
EndProject
Project("{2150E333-8FDC-42A3-9474-1A3956D46DE8}") = "tests", "tests", "{0AB3BF05-4346-4AA6-1389-037BE0695223}"
EndProject
Project("{FAE04EC0-301F-11D3-BF4B-00C04F79EFBC}") = "Vivido.Api.IntegrationTests", "tests\Vivido.Api.IntegrationTests\Vivido.Api.IntegrationTests.csproj", "{A85EAFF3-44BA-48C8-97F7-31F18075641B}"
EndProject
Project("{FAE04EC0-301F-11D3-BF4B-00C04F79EFBC}") = "Vivido.Scoring.Tests", "tests\Vivido.Scoring.Tests\Vivido.Scoring.Tests.csproj", "{1AFD8B59-478B-4C14-A032-B5F9E399DD1D}"
EndProject
Project("{FAE04EC0-301F-11D3-BF4B-00C04F79EFBC}") = "Vivido.RouteOptimization", "src\Vivido.RouteOptimization\Vivido.RouteOptimization.csproj", "{A8E64264-28C9-4975-9C8E-36B20E575E38}"
EndProject
Project("{FAE04EC0-301F-11D3-BF4B-00C04F79EFBC}") = "Vivido.RouteOptimization.Tests", "tests\Vivido.RouteOptimization.Tests\Vivido.RouteOptimization.Tests.csproj", "{B4BBC677-DA21-4654-82D8-51DE9955B246}"
EndProject
Global
	GlobalSection(SolutionConfigurationPlatforms) = preSolution
		Debug|Any CPU = Debug|Any CPU
		Debug|x64 = Debug|x64
		Debug|x86 = Debug|x86
		Release|Any CPU = Release|Any CPU
		Release|x64 = Release|x64
		Release|x86 = Release|x86
	EndGlobalSection
	GlobalSection(ProjectConfigurationPlatforms) = postSolution
		{247BCAD4-2BCB-4186-965D-2EBB52006844}.Debug|Any CPU.ActiveCfg = Debug|Any CPU
		{247BCAD4-2BCB-4186-965D-2EBB52006844}.Debug|Any CPU.Build.0 = Debug|Any CPU
		{247BCAD4-2BCB-4186-965D-2EBB52006844}.Debug|x64.ActiveCfg = Debug|Any CPU
		{247BCAD4-2BCB-4186-965D-2EBB52006844}.Debug|x64.Build.0 = Debug|Any CPU
		{247BCAD4-2BCB-4186-965D-2EBB52006844}.Debug|x86.ActiveCfg = Debug|Any CPU
		{247BCAD4-2BCB-4186-965D-2EBB52006844}.Debug|x86.Build.0 = Debug|Any CPU
		{247BCAD4-2BCB-4186-965D-2EBB52006844}.Release|Any CPU.ActiveCfg = Release|Any CPU
		{247BCAD4-2BCB-4186-965D-2EBB52006844}.Release|Any CPU.Build.0 = Release|Any CPU
		{247BCAD4-2BCB-4186-965D-2EBB52006844}.Release|x64.ActiveCfg = Release|Any CPU
		{247BCAD4-2BCB-4186-965D-2EBB52006844}.Release|x64.Build.0 = Release|Any CPU
		{247BCAD4-2BCB-4186-965D-2EBB52006844}.Release|x86.ActiveCfg = Release|Any CPU
		{247BCAD4-2BCB-4186-965D-2EBB52006844}.Release|x86.Build.0 = Release|Any CPU
		{63C04B39-9AAC-49C8-8E72-FAB84F95F8C4}.Debug|Any CPU.ActiveCfg = Debug|Any CPU
		{63C04B39-9AAC-49C8-8E72-FAB84F95F8C4}.Debug|Any CPU.Build.0 = Debug|Any CPU
		{63C04B39-9AAC-49C8-8E72-FAB84F95F8C4}.Debug|x64.ActiveCfg = Debug|Any CPU
		{63C04B39-9AAC-49C8-8E72-FAB84F95F8C4}.Debug|x64.Build.0 = Debug|Any CPU
		{63C04B39-9AAC-49C8-8E72-FAB84F95F8C4}.Debug|x86.ActiveCfg = Debug|Any CPU
		{63C04B39-9AAC-49C8-8E72-FAB84F95F8C4}.Debug|x86.Build.0 = Debug|Any CPU
		{63C04B39-9AAC-49C8-8E72-FAB84F95F8C4}.Release|Any CPU.ActiveCfg = Release|Any CPU
		{63C04B39-9AAC-49C8-8E72-FAB84F95F8C4}.Release|Any CPU.Build.0 = Release|Any CPU
		{63C04B39-9AAC-49C8-8E72-FAB84F95F8C4}.Release|x64.ActiveCfg = Release|Any CPU
		{63C04B39-9AAC-49C8-8E72-FAB84F95F8C4}.Release|x64.Build.0 = Release|Any CPU
		{63C04B39-9AAC-49C8-8E72-FAB84F95F8C4}.Release|x86.ActiveCfg = Release|Any CPU
		{63C04B39-9AAC-49C8-8E72-FAB84F95F8C4}.Release|x86.Build.0 = Release|Any CPU
		{06884098-7473-4611-A6FF-3D321FB5847C}.Debug|Any CPU.ActiveCfg = Debug|Any CPU
		{06884098-7473-4611-A6FF-3D321FB5847C}.Debug|Any CPU.Build.0 = Debug|Any CPU
		{06884098-7473-4611-A6FF-3D321FB5847C}.Debug|x64.ActiveCfg = Debug|Any CPU
		{06884098-7473-4611-A6FF-3D321FB5847C}.Debug|x64.Build.0 = Debug|Any CPU
		{06884098-7473-4611-A6FF-3D321FB5847C}.Debug|x86.ActiveCfg = Debug|Any CPU
		{06884098-7473-4611-A6FF-3D321FB5847C}.Debug|x86.Build.0 = Debug|Any CPU
		{06884098-7473-4611-A6FF-3D321FB5847C}.Release|Any CPU.ActiveCfg = Release|Any CPU
		{06884098-7473-4611-A6FF-3D321FB5847C}.Release|Any CPU.Build.0 = Release|Any CPU
		{06884098-7473-4611-A6FF-3D321FB5847C}.Release|x64.ActiveCfg = Release|Any CPU
		{06884098-7473-4611-A6FF-3D321FB5847C}.Release|x64.Build.0 = Release|Any CPU
		{06884098-7473-4611-A6FF-3D321FB5847C}.Release|x86.ActiveCfg = Release|Any CPU
		{06884098-7473-4611-A6FF-3D321FB5847C}.Release|x86.Build.0 = Release|Any CPU
		{FB273617-D350-4F90-BB70-720553E0ADFF}.Debug|Any CPU.ActiveCfg = Debug|Any CPU
		{FB273617-D350-4F90-BB70-720553E0ADFF}.Debug|Any CPU.Build.0 = Debug|Any CPU
		{FB273617-D350-4F90-BB70-720553E0ADFF}.Debug|x64.ActiveCfg = Debug|Any CPU
		{FB273617-D350-4F90-BB70-720553E0ADFF}.Debug|x64.Build.0 = Debug|Any CPU
		{FB273617-D350-4F90-BB70-720553E0ADFF}.Debug|x86.ActiveCfg = Debug|Any CPU
		{FB273617-D350-4F90-BB70-720553E0ADFF}.Debug|x86.Build.0 = Debug|Any CPU
		{FB273617-D350-4F90-BB70-720553E0ADFF}.Release|Any CPU.ActiveCfg = Release|Any CPU
		{FB273617-D350-4F90-BB70-720553E0ADFF}.Release|Any CPU.Build.0 = Release|Any CPU
		{FB273617-D350-4F90-BB70-720553E0ADFF}.Release|x64.ActiveCfg = Release|Any CPU
		{FB273617-D350-4F90-BB70-720553E0ADFF}.Release|x64.Build.0 = Release|Any CPU
		{FB273617-D350-4F90-BB70-720553E0ADFF}.Release|x86.ActiveCfg = Release|Any CPU
		{FB273617-D350-4F90-BB70-720553E0ADFF}.Release|x86.Build.0 = Release|Any CPU
		{73A8F7CD-EACB-436C-85D7-E57AAE7DE4CD}.Debug|Any CPU.ActiveCfg = Debug|Any CPU
		{73A8F7CD-EACB-436C-85D7-E57AAE7DE4CD}.Debug|Any CPU.Build.0 = Debug|Any CPU
		{73A8F7CD-EACB-436C-85D7-E57AAE7DE4CD}.Debug|x64.ActiveCfg = Debug|Any CPU
		{73A8F7CD-EACB-436C-85D7-E57AAE7DE4CD}.Debug|x64.Build.0 = Debug|Any CPU
		{73A8F7CD-EACB-436C-85D7-E57AAE7DE4CD}.Debug|x86.ActiveCfg = Debug|Any CPU
		{73A8F7CD-EACB-436C-85D7-E57AAE7DE4CD}.Debug|x86.Build.0 = Debug|Any CPU
		{73A8F7CD-EACB-436C-85D7-E57AAE7DE4CD}.Release|Any CPU.ActiveCfg = Release|Any CPU
		{73A8F7CD-EACB-436C-85D7-E57AAE7DE4CD}.Release|Any CPU.Build.0 = Release|Any CPU
		{73A8F7CD-EACB-436C-85D7-E57AAE7DE4CD}.Release|x64.ActiveCfg = Release|Any CPU
		{73A8F7CD-EACB-436C-85D7-E57AAE7DE4CD}.Release|x64.Build.0 = Release|Any CPU
		{73A8F7CD-EACB-436C-85D7-E57AAE7DE4CD}.Release|x86.ActiveCfg = Release|Any CPU
		{73A8F7CD-EACB-436C-85D7-E57AAE7DE4CD}.Release|x86.Build.0 = Release|Any CPU
		{A85EAFF3-44BA-48C8-97F7-31F18075641B}.Debug|Any CPU.ActiveCfg = Debug|Any CPU
		{A85EAFF3-44BA-48C8-97F7-31F18075641B}.Debug|Any CPU.Build.0 = Debug|Any CPU
		{A85EAFF3-44BA-48C8-97F7-31F18075641B}.Debug|x64.ActiveCfg = Debug|Any CPU
		{A85EAFF3-44BA-48C8-97F7-31F18075641B}.Debug|x64.Build.0 = Debug|Any CPU
		{A85EAFF3-44BA-48C8-97F7-31F18075641B}.Debug|x86.ActiveCfg = Debug|Any CPU
		{A85EAFF3-44BA-48C8-97F7-31F18075641B}.Debug|x86.Build.0 = Debug|Any CPU
		{A85EAFF3-44BA-48C8-97F7-31F18075641B}.Release|Any CPU.ActiveCfg = Release|Any CPU
		{A85EAFF3-44BA-48C8-97F7-31F18075641B}.Release|Any CPU.Build.0 = Release|Any CPU
		{A85EAFF3-44BA-48C8-97F7-31F18075641B}.Release|x64.ActiveCfg = Release|Any CPU
		{A85EAFF3-44BA-48C8-97F7-31F18075641B}.Release|x64.Build.0 = Release|Any CPU
		{A85EAFF3-44BA-48C8-97F7-31F18075641B}.Release|x86.ActiveCfg = Release|Any CPU
		{A85EAFF3-44BA-48C8-97F7-31F18075641B}.Release|x86.Build.0 = Release|Any CPU
		{1AFD8B59-478B-4C14-A032-B5F9E399DD1D}.Debug|Any CPU.ActiveCfg = Debug|Any CPU
		{1AFD8B59-478B-4C14-A032-B5F9E399DD1D}.Debug|Any CPU.Build.0 = Debug|Any CPU
		{1AFD8B59-478B-4C14-A032-B5F9E399DD1D}.Debug|x64.ActiveCfg = Debug|Any CPU
		{1AFD8B59-478B-4C14-A032-B5F9E399DD1D}.Debug|x64.Build.0 = Debug|Any CPU
		{1AFD8B59-478B-4C14-A032-B5F9E399DD1D}.Debug|x86.ActiveCfg = Debug|Any CPU
		{1AFD8B59-478B-4C14-A032-B5F9E399DD1D}.Debug|x86.Build.0 = Debug|Any CPU
		{1AFD8B59-478B-4C14-A032-B5F9E399DD1D}.Release|Any CPU.ActiveCfg = Release|Any CPU
		{1AFD8B59-478B-4C14-A032-B5F9E399DD1D}.Release|Any CPU.Build.0 = Release|Any CPU
		{1AFD8B59-478B-4C14-A032-B5F9E399DD1D}.Release|x64.ActiveCfg = Release|Any CPU
		{1AFD8B59-478B-4C14-A032-B5F9E399DD1D}.Release|x64.Build.0 = Release|Any CPU
		{1AFD8B59-478B-4C14-A032-B5F9E399DD1D}.Release|x86.ActiveCfg = Release|Any CPU
		{1AFD8B59-478B-4C14-A032-B5F9E399DD1D}.Release|x86.Build.0 = Release|Any CPU
		{A8E64264-28C9-4975-9C8E-36B20E575E38}.Debug|Any CPU.ActiveCfg = Debug|Any CPU
		{A8E64264-28C9-4975-9C8E-36B20E575E38}.Debug|Any CPU.Build.0 = Debug|Any CPU
		{A8E64264-28C9-4975-9C8E-36B20E575E38}.Debug|x64.ActiveCfg = Debug|Any CPU
		{A8E64264-28C9-4975-9C8E-36B20E575E38}.Debug|x64.Build.0 = Debug|Any CPU
		{A8E64264-28C9-4975-9C8E-36B20E575E38}.Debug|x86.ActiveCfg = Debug|Any CPU
		{A8E64264-28C9-4975-9C8E-36B20E575E38}.Debug|x86.Build.0 = Debug|Any CPU
		{A8E64264-28C9-4975-9C8E-36B20E575E38}.Release|Any CPU.ActiveCfg = Release|Any CPU
		{A8E64264-28C9-4975-9C8E-36B20E575E38}.Release|Any CPU.Build.0 = Release|Any CPU
		{A8E64264-28C9-4975-9C8E-36B20E575E38}.Release|x64.ActiveCfg = Release|Any CPU
		{A8E64264-28C9-4975-9C8E-36B20E575E38}.Release|x64.Build.0 = Release|Any CPU
		{A8E64264-28C9-4975-9C8E-36B20E575E38}.Release|x86.ActiveCfg = Release|Any CPU
		{A8E64264-28C9-4975-9C8E-36B20E575E38}.Release|x86.Build.0 = Release|Any CPU
		{B4BBC677-DA21-4654-82D8-51DE9955B246}.Debug|Any CPU.ActiveCfg = Debug|Any CPU
		{B4BBC677-DA21-4654-82D8-51DE9955B246}.Debug|Any CPU.Build.0 = Debug|Any CPU
		{B4BBC677-DA21-4654-82D8-51DE9955B246}.Debug|x64.ActiveCfg = Debug|Any CPU
		{B4BBC677-DA21-4654-82D8-51DE9955B246}.Debug|x64.Build.0 = Debug|Any CPU
		{B4BBC677-DA21-4654-82D8-51DE9955B246}.Debug|x86.ActiveCfg = Debug|Any CPU
		{B4BBC677-DA21-4654-82D8-51DE9955B246}.Debug|x86.Build.0 = Debug|Any CPU
		{B4BBC677-DA21-4654-82D8-51DE9955B246}.Release|Any CPU.ActiveCfg = Release|Any CPU
		{B4BBC677-DA21-4654-82D8-51DE9955B246}.Release|Any CPU.Build.0 = Release|Any CPU
		{B4BBC677-DA21-4654-82D8-51DE9955B246}.Release|x64.ActiveCfg = Release|Any CPU
		{B4BBC677-DA21-4654-82D8-51DE9955B246}.Release|x64.Build.0 = Release|Any CPU
		{B4BBC677-DA21-4654-82D8-51DE9955B246}.Release|x86.ActiveCfg = Release|Any CPU
		{B4BBC677-DA21-4654-82D8-51DE9955B246}.Release|x86.Build.0 = Release|Any CPU
	EndGlobalSection
	GlobalSection(SolutionProperties) = preSolution
		HideSolutionNode = FALSE
	EndGlobalSection
	GlobalSection(NestedProjects) = preSolution
		{247BCAD4-2BCB-4186-965D-2EBB52006844} = {827E0CD3-B72D-47B6-A68D-7590B98EB39B}
		{63C04B39-9AAC-49C8-8E72-FAB84F95F8C4} = {827E0CD3-B72D-47B6-A68D-7590B98EB39B}
		{06884098-7473-4611-A6FF-3D321FB5847C} = {827E0CD3-B72D-47B6-A68D-7590B98EB39B}
		{FB273617-D350-4F90-BB70-720553E0ADFF} = {827E0CD3-B72D-47B6-A68D-7590B98EB39B}
		{73A8F7CD-EACB-436C-85D7-E57AAE7DE4CD} = {827E0CD3-B72D-47B6-A68D-7590B98EB39B}
		{A85EAFF3-44BA-48C8-97F7-31F18075641B} = {0AB3BF05-4346-4AA6-1389-037BE0695223}
		{1AFD8B59-478B-4C14-A032-B5F9E399DD1D} = {0AB3BF05-4346-4AA6-1389-037BE0695223}
		{A8E64264-28C9-4975-9C8E-36B20E575E38} = {827E0CD3-B72D-47B6-A68D-7590B98EB39B}
		{B4BBC677-DA21-4654-82D8-51DE9955B246} = {0AB3BF05-4346-4AA6-1389-037BE0695223}
	EndGlobalSection
EndGlobal
